
Microsoft Visual Studio Solution File, Format Version 12.00
# Visual Studio 15
Project("{FAE04EC0-301F-11D3-BF4B-00C04F79EFBC}") = "EngageAPI", "EngageAPIBase\EngageAPI.csproj", "{AEA01835-390E-488C-8FB2-AE0DCE4B6CA5}"
EndProject
Project("{FAE04EC0-301F-11D3-BF4B-00C04F79EFBC}") = "ListDedications", "ListDedications\ListDedications.csproj", "{DA48805B-D49B-42AB-83E3-628F102ADE1F}"
EndProject
Project("{FAE04EC0-301F-11D3-BF4B-00C04F79EFBC}") = "ListDonations", "ListDonations\ListDonations.csproj", "{8DE643C2-789F-4DA0-B323-A014B96C4B6B}"
EndProject
Project("{FAE04EC0-301F-11D3-BF4B-00C04F79EFBC}") = "ListSupporters", "ListSupporters\ListSupporters.csproj", "{4B1AC537-E9F2-42F1-99E8-F890F94FF926}"
EndProject
Global
	GlobalSection(SolutionConfigurationPlatforms) = preSolution
		Debug|Any CPU = Debug|Any CPU
		Release|Any CPU = Release|Any CPU
	EndGlobalSection
	GlobalSection(ProjectConfigurationPlatforms) = postSolution
		{AEA01835-390E-488C-8FB2-AE0DCE4B6CA5}.Debug|Any CPU.ActiveCfg = Debug|Any CPU
		{AEA01835-390E-488C-8FB2-AE0DCE4B6CA5}.Debug|Any CPU.Build.0 = Debug|Any CPU
		{AEA01835-390E-488C-8FB2-AE0DCE4B6CA5}.Release|Any CPU.ActiveCfg = Release|Any CPU
		{AEA01835-390E-488C-8FB2-AE0DCE4B6CA5}.Release|Any CPU.Build.0 = Release|Any CPU
		{DA48805B-D49B-42AB-83E3-628F102ADE1F}.Debug|Any CPU.ActiveCfg = Debug|Any CPU
		{DA48805B-D49B-42AB-83E3-628F102ADE1F}.Debug|Any CPU.Build.0 = Debug|Any CPU
		{DA48805B-D49B-42AB-83E3-628F102ADE1F}.Release|Any CPU.ActiveCfg = Release|Any CPU
		{DA48805B-D49B-42AB-83E3-628F102ADE1F}.Release|Any CPU.Build.0 = Release|Any CPU
		{8DE643C2-789F-4DA0-B323-A014B96C4B6B}.Debug|Any CPU.ActiveCfg = Debug|Any CPU
		{8DE643C2-789F-4DA0-B323-A014B96C4B6B}.Debug|Any CPU.Build.0 = Debug|Any CPU
		{8DE643C2-789F-4DA0-B323-A014B96C4B6B}.Release|Any CPU.ActiveCfg = Release|Any CPU
		{8DE643C2-789F-4DA0-B323-A014B96C4B6B}.Release|Any CPU.Build.0 = Release|Any CPU
		{4B1AC537-E9F2-42F1-99E8-F890F94FF926}.Debug|Any CPU.ActiveCfg = Debug|Any CPU
		{4B1AC537-E9F2-42F1-99E8-F890F94FF926}.Debug|Any CPU.Build.0 = Debug|Any CPU
		{4B1AC537-E9F2-42F1-99E8-F890F94FF926}.Release|Any CPU.ActiveCfg = Release|Any CPU
		{4B1AC537-E9F2-42F1-99E8-F890F94FF926}.Release|Any CPU.Build.0 = Release|Any CPU
	EndGlobalSection
EndGlobal
